
Microsoft Visual Studio Solution File, Format Version 12.00
# Visual Studio Version 17
VisualStudioVersion = 17.4.33213.308
MinimumVisualStudioVersion = 10.0.40219.1
Project("{FAE04EC0-301F-11D3-BF4B-00C04F79EFBC}") = "week5", "week5.csproj", "{D15E6278-A597-4206-AB0B-E2557AF0ABB6}"
EndProject
Global
	GlobalSection(SolutionConfigurationPlatforms) = preSolution
		Debug|Any CPU = Debug|Any CPU
		Release|Any CPU = Release|Any CPU
	EndGlobalSection
	GlobalSection(ProjectConfigurationPlatforms) = postSolution
		{D15E6278-A597-4206-AB0B-E2557AF0ABB6}.Debug|Any CPU.ActiveCfg = Debug|Any CPU
		{D15E6278-A597-4206-AB0B-E2557AF0ABB6}.Debug|Any CPU.Build.0 = Debug|Any CPU
		{D15E6278-A597-4206-AB0B-E2557AF0ABB6}.Release|Any CPU.ActiveCfg = Release|Any CPU
		{D15E6278-A597-4206-AB0B-E2557AF0ABB6}.Release|Any CPU.Build.0 = Release|Any CPU
	EndGlobalSection
	GlobalSection(SolutionProperties) = preSolution
		HideSolutionNode = FALSE
	EndGlobalSection
	GlobalSection(ExtensibilityGlobals) = postSolution
		SolutionGuid = {8565D765-2995-4360-9E0E-AECE0E05EBD4}
	EndGlobalSection
EndGlobal
